
Microsoft Visual Studio Solution File, Format Version 12.00
# Visual Studio Version 16
VisualStudioVersion = 16.0.30907.101
MinimumVisualStudioVersion = 10.0.40219.1
Project("{FAE04EC0-301F-11D3-BF4B-00C04F79EFBC}") = "DT102G_ASP_NET_Moment3", "DT102G_ASP_NET_Moment3.csproj", "{CAAB1F25-70AF-4388-A2A3-929B946E3511}"
EndProject
Global
	GlobalSection(SolutionConfigurationPlatforms) = preSolution
		Debug|Any CPU = Debug|Any CPU
		Release|Any CPU = Release|Any CPU
	EndGlobalSection
	GlobalSection(ProjectConfigurationPlatforms) = postSolution
		{CAAB1F25-70AF-4388-A2A3-929B946E3511}.Debug|Any CPU.ActiveCfg = Debug|Any CPU
		{CAAB1F25-70AF-4388-A2A3-929B946E3511}.Debug|Any CPU.Build.0 = Debug|Any CPU
		{CAAB1F25-70AF-4388-A2A3-929B946E3511}.Release|Any CPU.ActiveCfg = Release|Any CPU
		{CAAB1F25-70AF-4388-A2A3-929B946E3511}.Release|Any CPU.Build.0 = Release|Any CPU
	EndGlobalSection
	GlobalSection(SolutionProperties) = preSolution
		HideSolutionNode = FALSE
	EndGlobalSection
	GlobalSection(ExtensibilityGlobals) = postSolution
		SolutionGuid = {FD658AB7-7595-4E3C-9472-CB408C49911B}
	EndGlobalSection
EndGlobal
